hash: dff59e15dbfb2d25f407a20bcf297b06209eeaca06e607f2ab948a01d48b07a5
updated: 2018-10-14T19:46:57.183457-07:00
imports:
- name: github.com/aws/aws-sdk-go
  version: bf8067ceb6e7f51e150c218972dccfeeed892b85
  subpackages:
  - aws
  - aws/awserr
  - aws/awsutil
  - aws/client
  - aws/client/metadata
  - aws/corehandlers
  - aws/credentials
  - aws/credentials/ec2rolecreds
  - aws/credentials/endpointcreds
  - aws/credentials/stscreds
  - aws/csm
  - aws/defaults
  - aws/ec2metadata
  - aws/endpoints
  - aws/request
  - aws/session
  - aws/signer/v4
  - internal/sdkio
  - internal/sdkrand
  - internal/sdkuri
  - internal/shareddefaults
  - private/protocol
  - private/protocol/query
  - private/protocol/query/queryutil
  - private/protocol/rest
  - private/protocol/xml/xmlutil
  - service/sqs
  - service/sts
- name: github.com/go-ini/ini
  version: 9c8236e659b76e87bf02044d06fde8683008ff3e
- name: github.com/jmespath/go-jmespath
  version: c2b33e8439af944379acbdd9c3a5fe0bc44bd8a5
testImports: []
