hash: 8f42eccd73aad01657eaeefa86095975f446517bd0e01ab47ae1ae1ce4d879b6
updated: 2019-01-05T22:37:09.832391-08:00
imports:
- name: github.com/aws/aws-sdk-go
  version: bf8067ceb6e7f51e150c218972dccfeeed892b85
- name: github.com/google/subcommands
  version: 46f0354f63152e8801bb460d26f5b6c4c878efbb
- name: github.com/joho/godotenv
  version: 23d116af351c84513e1946b527c88823e476be13
testImports: []
